
Microsoft Visual Studio Solution File, Format Version 12.00
# Visual Studio 14
VisualStudioVersion = 14.0.25420.1
MinimumVisualStudioVersion = 10.0.40219.1
Project("{FAE04EC0-301F-11D3-BF4B-00C04F79EFBC}") = "AbstractPlanet_300931446", "AbstractPlanet_300931446\AbstractPlanet_300931446.csproj", "{654A0506-F46E-4777-B0A3-9F941FA60029}"
EndProject
Global
	GlobalSection(SolutionConfigurationPlatforms) = preSolution
		Debug|Any CPU = Debug|Any CPU
		Release|Any CPU = Release|Any CPU
	EndGlobalSection
	GlobalSection(ProjectConfigurationPlatforms) = postSolution
		{654A0506-F46E-4777-B0A3-9F941FA60029}.Debug|Any CPU.ActiveCfg = Debug|Any CPU
		{654A0506-F46E-4777-B0A3-9F941FA60029}.Debug|Any CPU.Build.0 = Debug|Any CPU
		{654A0506-F46E-4777-B0A3-9F941FA60029}.Release|Any CPU.ActiveCfg = Release|Any CPU
		{654A0506-F46E-4777-B0A3-9F941FA60029}.Release|Any CPU.Build.0 = Release|Any CPU
	EndGlobalSection
	GlobalSection(SolutionProperties) = preSolution
		HideSolutionNode = FALSE
	EndGlobalSection
EndGlobal
